// !$*UTF8*$!
{
	archiveVersion = 1;
	classes = {
	};
	objectVersion = 56;
	objects = {

/* Begin PBXBuildFile section */
		1402CF8C2AA7092200B0224C /* RideRequestView.swift in Sources */ = {isa = PBXBuildFile; fileRef = 1402CF8B2AA7092200B0224C /* RideRequestView.swift */; };
		1402CF902AA720DA00B0224C /* RideType.swift in Sources */ = {isa = PBXBuildFile; fileRef = 1402CF8F2AA720DA00B0224C /* RideType.swift */; };
		146873CA2AA88D0D007F4A89 /* Double.swift in Sources */ = {isa = PBXBuildFile; fileRef = 146873C92AA88D0C007F4A89 /* Double.swift */; };
		146873CC2AA890A7007F4A89 /* Let'sGoLocation.swift in Sources */ = {isa = PBXBuildFile; fileRef = 146873CB2AA890A7007F4A89 /* Let'sGoLocation.swift */; };
		146873CE2AA89C7F007F4A89 /* Color.swift in Sources */ = {isa = PBXBuildFile; fileRef = 146873CD2AA89C7F007F4A89 /* Color.swift */; };
		14888D712AA46AB500E6FDE4 /* Let_sGoApp.swift in Sources */ = {isa = PBXBuildFile; fileRef = 14888D702AA46AB500E6FDE4 /* Let_sGoApp.swift */; };
		14888D752AA46AB600E6FDE4 /* Assets.xcassets in Resources */ = {isa = PBXBuildFile; fileRef = 14888D742AA46AB600E6FDE4 /* Assets.xcassets */; };
		14888D782AA46AB600E6FDE4 /* Preview Assets.xcassets in Resources */ = {isa = PBXBuildFile; fileRef = 14888D772AA46AB600E6FDE4 /* Preview Assets.xcassets */; };
		14888D862AA46B4F00E6FDE4 /* HomeView.swift in Sources */ = {isa = PBXBuildFile; fileRef = 14888D852AA46B4F00E6FDE4 /* HomeView.swift */; };
		14888D882AA46BEC00E6FDE4 /* MapViewRepresentable.swift in Sources */ = {isa = PBXBuildFile; fileRef = 14888D872AA46BEC00E6FDE4 /* MapViewRepresentable.swift */; };
		14888D8A2AA46D8F00E6FDE4 /* LocationManager.swift in Sources */ = {isa = PBXBuildFile; fileRef = 14888D892AA46D8F00E6FDE4 /* LocationManager.swift */; };
		14888D902AA48D7200E6FDE4 /* LocationSearchActivationView.swift in Sources */ = {isa = PBXBuildFile; fileRef = 14888D8F2AA48D7200E6FDE4 /* LocationSearchActivationView.swift */; };
		14888D922AA48EDE00E6FDE4 /* MapViewActionButton.swift in Sources */ = {isa = PBXBuildFile; fileRef = 14888D912AA48EDE00E6FDE4 /* MapViewActionButton.swift */; };
		14888D942AA48FD100E6FDE4 /* LocationSearchView.swift in Sources */ = {isa = PBXBuildFile; fileRef = 14888D932AA48FD100E6FDE4 /* LocationSearchView.swift */; };
		14888D962AA4932700E6FDE4 /* LocationSearchResultCell.swift in Sources */ = {isa = PBXBuildFile; fileRef = 14888D952AA4932700E6FDE4 /* LocationSearchResultCell.swift */; };
		14888D982AA4B06200E6FDE4 /* LocationSearchViewModel.swift in Sources */ = {isa = PBXBuildFile; fileRef = 14888D972AA4B06200E6FDE4 /* LocationSearchViewModel.swift */; };
		14888D9A2AA4EEED00E6FDE4 /* MapViewState.swift in Sources */ = {isa = PBXBuildFile; fileRef = 14888D992AA4EEED00E6FDE4 /* MapViewState.swift */; };
/* End PBXBuildFile section */

/* Begin PBXFileReference section */
		1402CF8B2AA7092200B0224C /* RideRequestView.swift */ = {isa = PBXFileReference; lastKnownFileType = sourcecode.swift; path = RideRequestView.swift; sourceTree = "<group>"; };
		1402CF8F2AA720DA00B0224C /* RideType.swift */ = {isa = PBXFileReference; lastKnownFileType = sourcecode.swift; path = RideType.swift; sourceTree = "<group>"; };
		146873C92AA88D0C007F4A89 /* Double.swift */ = {isa = PBXFileReference; lastKnownFileType = sourcecode.swift; path = Double.swift; sourceTree = "<group>"; };
		146873CB2AA890A7007F4A89 /* Let'sGoLocation.swift */ = {isa = PBXFileReference; lastKnownFileType = sourcecode.swift; path = "Let'sGoLocation.swift"; sourceTree = "<group>"; };
		146873CD2AA89C7F007F4A89 /* Color.swift */ = {isa = PBXFileReference; lastKnownFileType = sourcecode.swift; path = Color.swift; sourceTree = "<group>"; };
		14888D6D2AA46AB500E6FDE4 /* Let'sGo.app */ = {isa = PBXFileReference; explicitFileType = wrapper.application; includeInIndex = 0; path = "Let'sGo.app"; sourceTree = BUILT_PRODUCTS_DIR; };
		14888D702AA46AB500E6FDE4 /* Let_sGoApp.swift */ = {isa = PBXFileReference; lastKnownFileType = sourcecode.swift; path = Let_sGoApp.swift; sourceTree = "<group>"; };
		14888D742AA46AB600E6FDE4 /* Assets.xcassets */ = {isa = PBXFileReference; lastKnownFileType = folder.assetcatalog; path = Assets.xcassets; sourceTree = "<group>"; };
		14888D772AA46AB600E6FDE4 /* Preview Assets.xcassets */ = {isa = PBXFileReference; lastKnownFileType = folder.assetcatalog; path = "Preview Assets.xcassets"; sourceTree = "<group>"; };
		14888D852AA46B4F00E6FDE4 /* HomeView.swift */ = {isa = PBXFileReference; lastKnownFileType = sourcecode.swift; path = HomeView.swift; sourceTree = "<group>"; };
		14888D872AA46BEC00E6FDE4 /* MapViewRepresentable.swift */ = {isa = PBXFileReference; lastKnownFileType = sourcecode.swift; path = MapViewRepresentable.swift; sourceTree = "<group>"; };
		14888D892AA46D8F00E6FDE4 /* LocationManager.swift */ = {isa = PBXFileReference; lastKnownFileType = sourcecode.swift; path = LocationManager.swift; sourceTree = "<group>"; };
		14888D8F2AA48D7200E6FDE4 /* LocationSearchActivationView.swift */ = {isa = PBXFileReference; lastKnownFileType = sourcecode.swift; path = LocationSearchActivationView.swift; sourceTree = "<group>"; };
		14888D912AA48EDE00E6FDE4 /* MapViewActionButton.swift */ = {isa = PBXFileReference; lastKnownFileType = sourcecode.swift; path = MapViewActionButton.swift; sourceTree = "<group>"; };
		14888D932AA48FD100E6FDE4 /* LocationSearchView.swift */ = {isa = PBXFileReference; lastKnownFileType = sourcecode.swift; path = LocationSearchView.swift; sourceTree = "<group>"; };
		14888D952AA4932700E6FDE4 /* LocationSearchResultCell.swift */ = {isa = PBXFileReference; lastKnownFileType = sourcecode.swift; path = LocationSearchResultCell.swift; sourceTree = "<group>"; };
		14888D972AA4B06200E6FDE4 /* LocationSearchViewModel.swift */ = {isa = PBXFileReference; lastKnownFileType = sourcecode.swift; path = LocationSearchViewModel.swift; sourceTree = "<group>"; };
		14888D992AA4EEED00E6FDE4 /* MapViewState.swift */ = {isa = PBXFileReference; lastKnownFileType = sourcecode.swift; path = MapViewState.swift; sourceTree = "<group>"; };
/* End PBXFileReference section */

/* Begin PBXFrameworksBuildPhase section */
		14888D6A2AA46AB500E6FDE4 /* Frameworks */ = {
			isa = PBXFrameworksBuildPhase;
			buildActionMask = 2147483647;
			files = (
			);
			runOnlyForDeploymentPostprocessing = 0;
		};
/* End PBXFrameworksBuildPhase section */

/* Begin PBXGroup section */
		1402CF8A2AA7090200B0224C /* Trips */ = {
			isa = PBXGroup;
			children = (
				1402CF8B2AA7092200B0224C /* RideRequestView.swift */,
			);
			path = Trips;
			sourceTree = "<group>";
		};
		14888D642AA46AB500E6FDE4 = {
			isa = PBXGroup;
			children = (
				14888D6F2AA46AB500E6FDE4 /* Let'sGo */,
				14888D6E2AA46AB500E6FDE4 /* Products */,
			);
			sourceTree = "<group>";
		};
		14888D6E2AA46AB500E6FDE4 /* Products */ = {
			isa = PBXGroup;
			children = (
				14888D6D2AA46AB500E6FDE4 /* Let'sGo.app */,
			);
			name = Products;
			sourceTree = "<group>";
		};
		14888D6F2AA46AB500E6FDE4 /* Let'sGo */ = {
			isa = PBXGroup;
			children = (
				14888D822AA46AF400E6FDE4 /* App */,
				14888D812AA46AF200E6FDE4 /* Core */,
				14888D802AA46AEE00E6FDE4 /* Extensions */,
				14888D7F2AA46AEB00E6FDE4 /* Managers */,
				14888D7E2AA46AE700E6FDE4 /* Models */,
				14888D742AA46AB600E6FDE4 /* Assets.xcassets */,
				14888D762AA46AB600E6FDE4 /* Preview Content */,
			);
			path = "Let'sGo";
			sourceTree = "<group>";
		};
		14888D762AA46AB600E6FDE4 /* Preview Content */ = {
			isa = PBXGroup;
			children = (
				14888D772AA46AB600E6FDE4 /* Preview Assets.xcassets */,
			);
			path = "Preview Content";
			sourceTree = "<group>";
		};
		14888D7E2AA46AE700E6FDE4 /* Models */ = {
			isa = PBXGroup;
			children = (
				14888D992AA4EEED00E6FDE4 /* MapViewState.swift */,
				1402CF8F2AA720DA00B0224C /* RideType.swift */,
				146873CB2AA890A7007F4A89 /* Let'sGoLocation.swift */,
			);
			path = Models;
			sourceTree = "<group>";
		};
		14888D7F2AA46AEB00E6FDE4 /* Managers */ = {
			isa = PBXGroup;
			children = (
				14888D892AA46D8F00E6FDE4 /* LocationManager.swift */,
			);
			path = Managers;
			sourceTree = "<group>";
		};
		14888D802AA46AEE00E6FDE4 /* Extensions */ = {
			isa = PBXGroup;
			children = (
				146873C92AA88D0C007F4A89 /* Double.swift */,
				146873CD2AA89C7F007F4A89 /* Color.swift */,
			);
			path = Extensions;
			sourceTree = "<group>";
		};
		14888D812AA46AF200E6FDE4 /* Core */ = {
			isa = PBXGroup;
			children = (
				1402CF8A2AA7090200B0224C /* Trips */,
				14888D8C2AA48D4200E6FDE4 /* LocationSearch */,
				14888D8B2AA48D2E00E6FDE4 /* Home */,
			);
			path = Core;
			sourceTree = "<group>";
		};
		14888D822AA46AF400E6FDE4 /* App */ = {
			isa = PBXGroup;
			children = (
				14888D702AA46AB500E6FDE4 /* Let_sGoApp.swift */,
			);
			path = App;
			sourceTree = "<group>";
		};
		14888D832AA46B2B00E6FDE4 /* Views */ = {
			isa = PBXGroup;
			children = (
				14888D852AA46B4F00E6FDE4 /* HomeView.swift */,
				14888D872AA46BEC00E6FDE4 /* MapViewRepresentable.swift */,
				14888D912AA48EDE00E6FDE4 /* MapViewActionButton.swift */,
			);
			path = Views;
			sourceTree = "<group>";
		};
		14888D842AA46B2E00E6FDE4 /* ViewModel */ = {
			isa = PBXGroup;
			children = (
			);
			path = ViewModel;
			sourceTree = "<group>";
		};
		14888D8B2AA48D2E00E6FDE4 /* Home */ = {
			isa = PBXGroup;
			children = (
				14888D842AA46B2E00E6FDE4 /* ViewModel */,
				14888D832AA46B2B00E6FDE4 /* Views */,
			);
			path = Home;
			sourceTree = "<group>";
		};
		14888D8C2AA48D4200E6FDE4 /* LocationSearch */ = {
			isa = PBXGroup;
			children = (
				14888D8E2AA48D5900E6FDE4 /* ViewModel */,
				14888D8D2AA48D5400E6FDE4 /* Views */,
			);
			path = LocationSearch;
			sourceTree = "<group>";
		};
		14888D8D2AA48D5400E6FDE4 /* Views */ = {
			isa = PBXGroup;
			children = (
				14888D8F2AA48D7200E6FDE4 /* LocationSearchActivationView.swift */,
				14888D932AA48FD100E6FDE4 /* LocationSearchView.swift */,
				14888D952AA4932700E6FDE4 /* LocationSearchResultCell.swift */,
			);
			path = Views;
			sourceTree = "<group>";
		};
		14888D8E2AA48D5900E6FDE4 /* ViewModel */ = {
			isa = PBXGroup;
			children = (
				14888D972AA4B06200E6FDE4 /* LocationSearchViewModel.swift */,
			);
			path = ViewModel;
			sourceTree = "<group>";
		};
/* End PBXGroup section */

/* Begin PBXNativeTarget section */
		14888D6C2AA46AB500E6FDE4 /* Let'sGo */ = {
			isa = PBXNativeTarget;
			buildConfigurationList = 14888D7B2AA46AB600E6FDE4 /* Build configuration list for PBXNativeTarget "Let'sGo" */;
			buildPhases = (
				14888D692AA46AB500E6FDE4 /* Sources */,
				14888D6A2AA46AB500E6FDE4 /* Frameworks */,
				14888D6B2AA46AB500E6FDE4 /* Resources */,
			);
			buildRules = (
			);
			dependencies = (
			);
			name = "Let'sGo";
			productName = "Let'sGo";
			productReference = 14888D6D2AA46AB500E6FDE4 /* Let'sGo.app */;
			productType = "com.apple.product-type.application";
		};
/* End PBXNativeTarget section */

/* Begin PBXProject section */
		14888D652AA46AB500E6FDE4 /* Project object */ = {
			isa = PBXProject;
			attributes = {
				BuildIndependentTargetsInParallel = 1;
				LastSwiftUpdateCheck = 1410;
				LastUpgradeCheck = 1410;
				TargetAttributes = {
					14888D6C2AA46AB500E6FDE4 = {
						CreatedOnToolsVersion = 14.1;
					};
				};
			};
			buildConfigurationList = 14888D682AA46AB500E6FDE4 /* Build configuration list for PBXProject "Let'sGo" */;
			compatibilityVersion = "Xcode 14.0";
			developmentRegion = en;
			hasScannedForEncodings = 0;
			knownRegions = (
				en,
				Base,
			);
			mainGroup = 14888D642AA46AB500E6FDE4;
			productRefGroup = 14888D6E2AA46AB500E6FDE4 /* Products */;
			projectDirPath = "";
			projectRoot = "";
			targets = (
				14888D6C2AA46AB500E6FDE4 /* Let'sGo */,
			);
		};
/* End PBXProject section */

/* Begin PBXResourcesBuildPhase section */
		14888D6B2AA46AB500E6FDE4 /* Resources */ = {
			isa = PBXResourcesBuildPhase;
			buildActionMask = 2147483647;
			files = (
				14888D782AA46AB600E6FDE4 /* Preview Assets.xcassets in Resources */,
				14888D752AA46AB600E6FDE4 /* Assets.xcassets in Resources */,
			);
			runOnlyForDeploymentPostprocessing = 0;
		};
/* End PBXResourcesBuildPhase section */

/* Begin PBXSourcesBuildPhase section */
		14888D692AA46AB500E6FDE4 /* Sources */ = {
			isa = PBXSourcesBuildPhase;
			buildActionMask = 2147483647;
			files = (
				146873CC2AA890A7007F4A89 /* Let'sGoLocation.swift in Sources */,
				14888D982AA4B06200E6FDE4 /* LocationSearchViewModel.swift in Sources */,
				14888D942AA48FD100E6FDE4 /* LocationSearchView.swift in Sources */,
				14888D8A2AA46D8F00E6FDE4 /* LocationManager.swift in Sources */,
				1402CF8C2AA7092200B0224C /* RideRequestView.swift in Sources */,
				146873CA2AA88D0D007F4A89 /* Double.swift in Sources */,
				14888D9A2AA4EEED00E6FDE4 /* MapViewState.swift in Sources */,
				14888D922AA48EDE00E6FDE4 /* MapViewActionButton.swift in Sources */,
				146873CE2AA89C7F007F4A89 /* Color.swift in Sources */,
				14888D712AA46AB500E6FDE4 /* Let_sGoApp.swift in Sources */,
				14888D882AA46BEC00E6FDE4 /* MapViewRepresentable.swift in Sources */,
				14888D862AA46B4F00E6FDE4 /* HomeView.swift in Sources */,
				14888D902AA48D7200E6FDE4 /* LocationSearchActivationView.swift in Sources */,
				14888D962AA4932700E6FDE4 /* LocationSearchResultCell.swift in Sources */,
				1402CF902AA720DA00B0224C /* RideType.swift in Sources */,
			);
			runOnlyForDeploymentPostprocessing = 0;
		};
/* End PBXSourcesBuildPhase section */

/* Begin XCBuildConfiguration section */
		14888D792AA46AB600E6FDE4 /* Debug */ = {
			isa = XCBuildConfiguration;
			buildSettings = {
				ALWAYS_SEARCH_USER_PATHS = NO;
				CLANG_ANALYZER_NONNULL = YES;
				CLANG_ANALYZER_NUMBER_OBJECT_CONVERSION = YES_AGGRESSIVE;
				CLANG_CXX_LANGUAGE_STANDARD = "gnu++20";
				CLANG_ENABLE_MODULES = YES;
				CLANG_ENABLE_OBJC_ARC = YES;
				CLANG_ENABLE_OBJC_WEAK = YES;
				CLANG_WARN_BLOCK_CAPTURE_AUTORELEASING = YES;
				CLANG_WARN_BOOL_CONVERSION = YES;
				CLANG_WARN_COMMA = YES;
				CLANG_WARN_CONSTANT_CONVERSION = YES;
				CLANG_WARN_DEPRECATED_OBJC_IMPLEMENTATIONS = YES;
				CLANG_WARN_DIRECT_OBJC_ISA_USAGE = YES_ERROR;
				CLANG_WARN_DOCUMENTATION_COMMENTS = YES;
				CLANG_WARN_EMPTY_BODY = YES;
				CLANG_WARN_ENUM_CONVERSION = YES;
				CLANG_WARN_INFINITE_RECURSION = YES;
				CLANG_WARN_INT_CONVERSION = YES;
				CLANG_WARN_NON_LITERAL_NULL_CONVERSION = YES;
				CLANG_WARN_OBJC_IMPLICIT_RETAIN_SELF = YES;
				CLANG_WARN_OBJC_LITERAL_CONVERSION = YES;
				CLANG_WARN_OBJC_ROOT_CLASS = YES_ERROR;
				CLANG_WARN_QUOTED_INCLUDE_IN_FRAMEWORK_HEADER = YES;
				CLANG_WARN_RANGE_LOOP_ANALYSIS = YES;
				CLANG_WARN_STRICT_PROTOTYPES = YES;
				CLANG_WARN_SUSPICIOUS_MOVE = YES;
				CLANG_WARN_UNGUARDED_AVAILABILITY = YES_AGGRESSIVE;
				CLANG_WARN_UNREACHABLE_CODE = YES;
				CLANG_WARN__DUPLICATE_METHOD_MATCH = YES;
				COPY_PHASE_STRIP = NO;
				DEBUG_INFORMATION_FORMAT = dwarf;
				ENABLE_STRICT_OBJC_MSGSEND = YES;
				ENABLE_TESTABILITY = YES;
				GCC_C_LANGUAGE_STANDARD = gnu11;
				GCC_DYNAMIC_NO_PIC = NO;
				GCC_NO_COMMON_BLOCKS = YES;
				GCC_OPTIMIZATION_LEVEL = 0;
				GCC_PREPROCESSOR_DEFINITIONS = (
					"DEBUG=1",
					"$(inherited)",
				);
				GCC_WARN_64_TO_32_BIT_CONVERSION = YES;
				GCC_WARN_ABOUT_RETURN_TYPE = YES_ERROR;
				GCC_WARN_UNDECLARED_SELECTOR = YES;
				GCC_WARN_UNINITIALIZED_AUTOS = YES_AGGRESSIVE;
				GCC_WARN_UNUSED_FUNCTION = YES;
				GCC_WARN_UNUSED_VARIABLE = YES;
				IPHONEOS_DEPLOYMENT_TARGET = 16.1;
				MTL_ENABLE_DEBUG_INFO = INCLUDE_SOURCE;
				MTL_FAST_MATH = YES;
				ONLY_ACTIVE_ARCH = YES;
				SDKROOT = iphoneos;
				SWIFT_ACTIVE_COMPILATION_CONDITIONS = DEBUG;
				SWIFT_OPTIMIZATION_LEVEL = "-Onone";
			};
			name = Debug;
		};
		14888D7A2AA46AB600E6FDE4 /* Release */ = {
			isa = XCBuildConfiguration;
			buildSettings = {
				ALWAYS_SEARCH_USER_PATHS = NO;
				CLANG_ANALYZER_NONNULL = YES;
				CLANG_ANALYZER_NUMBER_OBJECT_CONVERSION = YES_AGGRESSIVE;
				CLANG_CXX_LANGUAGE_STANDARD = "gnu++20";
				CLANG_ENABLE_MODULES = YES;
				CLANG_ENABLE_OBJC_ARC = YES;
				CLANG_ENABLE_OBJC_WEAK = YES;
				CLANG_WARN_BLOCK_CAPTURE_AUTORELEASING = YES;
				CLANG_WARN_BOOL_CONVERSION = YES;
				CLANG_WARN_COMMA = YES;
				CLANG_WARN_CONSTANT_CONVERSION = YES;
				CLANG_WARN_DEPRECATED_OBJC_IMPLEMENTATIONS = YES;
				CLANG_WARN_DIRECT_OBJC_ISA_USAGE = YES_ERROR;
				CLANG_WARN_DOCUMENTATION_COMMENTS = YES;
				CLANG_WARN_EMPTY_BODY = YES;
				CLANG_WARN_ENUM_CONVERSION = YES;
				CLANG_WARN_INFINITE_RECURSION = YES;
				CLANG_WARN_INT_CONVERSION = YES;
				CLANG_WARN_NON_LITERAL_NULL_CONVERSION = YES;
				CLANG_WARN_OBJC_IMPLICIT_RETAIN_SELF = YES;
				CLANG_WARN_OBJC_LITERAL_CONVERSION = YES;
				CLANG_WARN_OBJC_ROOT_CLASS = YES_ERROR;
				CLANG_WARN_QUOTED_INCLUDE_IN_FRAMEWORK_HEADER = YES;
				CLANG_WARN_RANGE_LOOP_ANALYSIS = YES;
				CLANG_WARN_STRICT_PROTOTYPES = YES;
				CLANG_WARN_SUSPICIOUS_MOVE = YES;
				CLANG_WARN_UNGUARDED_AVAILABILITY = YES_AGGRESSIVE;
				CLANG_WARN_UNREACHABLE_CODE = YES;
				CLANG_WARN__DUPLICATE_METHOD_MATCH = YES;
				COPY_PHASE_STRIP = NO;
				DEBUG_INFORMATION_FORMAT = "dwarf-with-dsym";
				ENABLE_NS_ASSERTIONS = NO;
				ENABLE_STRICT_OBJC_MSGSEND = YES;
				GCC_C_LANGUAGE_STANDARD = gnu11;
				GCC_NO_COMMON_BLOCKS = YES;
				GCC_WARN_64_TO_32_BIT_CONVERSION = YES;
				GCC_WARN_ABOUT_RETURN_TYPE = YES_ERROR;
				GCC_WARN_UNDECLARED_SELECTOR = YES;
				GCC_WARN_UNINITIALIZED_AUTOS = YES_AGGRESSIVE;
				GCC_WARN_UNUSED_FUNCTION = YES;
				GCC_WARN_UNUSED_VARIABLE = YES;
				IPHONEOS_DEPLOYMENT_TARGET = 16.1;
				MTL_ENABLE_DEBUG_INFO = NO;
				MTL_FAST_MATH = YES;
				SDKROOT = iphoneos;
				SWIFT_COMPILATION_MODE = wholemodule;
				SWIFT_OPTIMIZATION_LEVEL = "-O";
				VALIDATE_PRODUCT = YES;
			};
			name = Release;
		};
		14888D7C2AA46AB600E6FDE4 /* Debug */ = {
			isa = XCBuildConfiguration;
			buildSettings = {
				ASSETCATALOG_COMPILER_APPICON_NAME = AppIcon;
				ASSETCATALOG_COMPILER_GLOBAL_ACCENT_COLOR_NAME = AccentColor;
				CODE_SIGN_STYLE = Automatic;
				CURRENT_PROJECT_VERSION = 1;
				DEVELOPMENT_ASSET_PATHS = "\"Let'sGo/Preview Content\"";
				DEVELOPMENT_TEAM = GD6Y73A3Q4;
				ENABLE_PREVIEWS = YES;
				GENERATE_INFOPLIST_FILE = YES;
				INFOPLIST_KEY_NSLocationWhenInUseUsageDescription = "Please allow the App to access your  location";
				INFOPLIST_KEY_UIApplicationSceneManifest_Generation = YES;
				INFOPLIST_KEY_UIApplicationSupportsIndirectInputEvents = YES;
				INFOPLIST_KEY_UILaunchScreen_Generation = YES;
				INFOPLIST_KEY_UISupportedInterfaceOrientations_iPad = "UIInterfaceOrientationPortrait UIInterfaceOrientationPortraitUpsideDown UIInterfaceOrientationLandscapeLeft UIInterfaceOrientationLandscapeRight";
				INFOPLIST_KEY_UISupportedInterfaceOrientations_iPhone = "UIInterfaceOrientationPortrait UIInterfaceOrientationLandscapeLeft UIInterfaceOrientationLandscapeRight";
				LD_RUNPATH_SEARCH_PATHS = (
					"$(inherited)",
					"@executable_path/Frameworks",
				);
				MARKETING_VERSION = 1.0;
				PRODUCT_BUNDLE_IDENTIFIER = "Sarthak.com.Let-sGo";
				PRODUCT_NAME = "$(TARGET_NAME)";
				SWIFT_EMIT_LOC_STRINGS = YES;
				SWIFT_VERSION = 5.0;
				TARGETED_DEVICE_FAMILY = "1,2";
			};
			name = Debug;
		};
		14888D7D2AA46AB600E6FDE4 /* Release */ = {
			isa = XCBuildConfiguration;
			buildSettings = {
				ASSETCATALOG_COMPILER_APPICON_NAME = AppIcon;
				ASSETCATALOG_COMPILER_GLOBAL_ACCENT_COLOR_NAME = AccentColor;
				CODE_SIGN_STYLE = Automatic;
				CURRENT_PROJECT_VERSION = 1;
				DEVELOPMENT_ASSET_PATHS = "\"Let'sGo/Preview Content\"";
				DEVELOPMENT_TEAM = GD6Y73A3Q4;
				ENABLE_PREVIEWS = YES;
				GENERATE_INFOPLIST_FILE = YES;
				INFOPLIST_KEY_NSLocationWhenInUseUsageDescription = "Please allow the App to access your  location";
				INFOPLIST_KEY_UIApplicationSceneManifest_Generation = YES;
				INFOPLIST_KEY_UIApplicationSupportsIndirectInputEvents = YES;
				INFOPLIST_KEY_UILaunchScreen_Generation = YES;
				INFOPLIST_KEY_UISupportedInterfaceOrientations_iPad = "UIInterfaceOrientationPortrait UIInterfaceOrientationPortraitUpsideDown UIInterfaceOrientationLandscapeLeft UIInterfaceOrientationLandscapeRight";
				INFOPLIST_KEY_UISupportedInterfaceOrientations_iPhone = "UIInterfaceOrientationPortrait UIInterfaceOrientationLandscapeLeft UIInterfaceOrientationLandscapeRight";
				LD_RUNPATH_SEARCH_PATHS = (
					"$(inherited)",
					"@executable_path/Frameworks",
				);
				MARKETING_VERSION = 1.0;
				PRODUCT_BUNDLE_IDENTIFIER = "Sarthak.com.Let-sGo";
				PRODUCT_NAME = "$(TARGET_NAME)";
				SWIFT_EMIT_LOC_STRINGS = YES;
				SWIFT_VERSION = 5.0;
				TARGETED_DEVICE_FAMILY = "1,2";
			};
			name = Release;
		};
/* End XCBuildConfiguration section */

/* Begin XCConfigurationList section */
		14888D682AA46AB500E6FDE4 /* Build configuration list for PBXProject "Let'sGo" */ = {
			isa = XCConfigurationList;
			buildConfigurations = (
				14888D792AA46AB600E6FDE4 /* Debug */,
				14888D7A2AA46AB600E6FDE4 /* Release */,
			);
			defaultConfigurationIsVisible = 0;
			defaultConfigurationName = Release;
		};
		14888D7B2AA46AB600E6FDE4 /* Build configuration list for PBXNativeTarget "Let'sGo" */ = {
			isa = XCConfigurationList;
			buildConfigurations = (
				14888D7C2AA46AB600E6FDE4 /* Debug */,
				14888D7D2AA46AB600E6FDE4 /* Release */,
			);
			defaultConfigurationIsVisible = 0;
			defaultConfigurationName = Release;
		};
/* End XCConfigurationList section */
	};
	rootObject = 14888D652AA46AB500E6FDE4 /* Project object */;
}
